#MicroXplorer Configuration settings - do not modify
ADC1.Channel-1\#ChannelRegularConversion=ADC_CHANNEL_0
ADC1.IPParameters=Rank-1\#ChannelRegularConversion,master,Channel-1\#ChannelRegularConversion,SamplingTime-1\#ChannelRegularConversion,NbrOfConversionFlag
ADC1.NbrOfConversionFlag=1
ADC1.Rank-1\#ChannelRegularConversion=1
ADC1.SamplingTime-1\#ChannelRegularConversion=ADC_SAMPLETIME_3CYCLES
ADC1.master=1
CAD.formats=
CAD.pinconfig=
CAD.provider=
FATFS.IPParameters=_USE_LABEL,_USE_LFN
FATFS._USE_LABEL=1
FATFS._USE_LFN=3
File.Version=6
GPIO.groupedBy=Group By Peripherals
I2S1.ErrorAudioFreq=1.72 %
I2S1.FullDuplexMode=I2S_FULLDUPLEXMODE_DISABLE
I2S1.IPParameters=Instance,VirtualMode,FullDuplexMode,RealAudioFreq,ErrorAudioFreq
I2S1.Instance=SPI$Index
I2S1.RealAudioFreq=8.138 KHz
I2S1.VirtualMode=I2S_MODE_MASTER
KeepUserPlacement=false
Mcu.CPN=STM32F446VET6
Mcu.Family=STM32F4
Mcu.IP0=ADC1
Mcu.IP1=FATFS
Mcu.IP10=SYS
Mcu.IP11=USART1
Mcu.IP12=USART2
Mcu.IP13=USB_OTG_HS
Mcu.IP2=I2C1
Mcu.IP3=I2S1
Mcu.IP4=NVIC
Mcu.IP5=RCC
Mcu.IP6=SAI1
Mcu.IP7=SAI2
Mcu.IP8=SDIO
Mcu.IP9=SPI2
Mcu.IPNb=14
Mcu.Name=STM32F446V(C-E)Tx
Mcu.Package=LQFP100
Mcu.Pin0=PE2
Mcu.Pin1=PE4
Mcu.Pin10=PC2
Mcu.Pin11=PC3
Mcu.Pin12=PA0-WKUP
Mcu.Pin13=PA1
Mcu.Pin14=PA2
Mcu.Pin15=PA3
Mcu.Pin16=PA4
Mcu.Pin17=PA5
Mcu.Pin18=PA7
Mcu.Pin19=PC4
Mcu.Pin2=PE5
Mcu.Pin20=PB0
Mcu.Pin21=PB1
Mcu.Pin22=PB2
Mcu.Pin23=PE10
Mcu.Pin24=PE11
Mcu.Pin25=PE12
Mcu.Pin26=PE13
Mcu.Pin27=PE14
Mcu.Pin28=PB10
Mcu.Pin29=PB12
Mcu.Pin3=PE6
Mcu.Pin30=PB13
Mcu.Pin31=PB14
Mcu.Pin32=PD11
Mcu.Pin33=PD12
Mcu.Pin34=PD13
Mcu.Pin35=PC7
Mcu.Pin36=PC8
Mcu.Pin37=PC9
Mcu.Pin38=PA9
Mcu.Pin39=PA10
Mcu.Pin4=PC14-OSC32_IN
Mcu.Pin40=PA13
Mcu.Pin41=PA14
Mcu.Pin42=PC10
Mcu.Pin43=PC11
Mcu.Pin44=PC12
Mcu.Pin45=PD2
Mcu.Pin46=PD5
Mcu.Pin47=PD6
Mcu.Pin48=PB3
Mcu.Pin49=PB5
Mcu.Pin5=PC15-OSC32_OUT
Mcu.Pin50=PB6
Mcu.Pin51=PB7
Mcu.Pin52=PE0
Mcu.Pin53=VP_FATFS_VS_SDIO
Mcu.Pin54=VP_FATFS_VS_Generic
Mcu.Pin55=VP_SYS_VS_Systick
Mcu.Pin6=PH0-OSC_IN
Mcu.Pin7=PH1-OSC_OUT
Mcu.Pin8=PC0
Mcu.Pin9=PC1
Mcu.PinsNb=56
Mcu.ThirdPartyNb=0
Mcu.UserConstants=
Mcu.UserName=STM32F446VETx
MxCube.Version=6.15.0
MxDb.Version=DB.6.0.150
NVIC.BusFault_IRQn=true\:0\:0\:false\:false\:true\:false\:false\:false
NVIC.DebugMonitor_IRQn=true\:0\:0\:false\:false\:true\:false\:false\:false
NVIC.ForceEnableDMAVector=true
NVIC.HardFault_IRQn=true\:0\:0\:false\:false\:true\:false\:false\:false
NVIC.MemoryManagement_IRQn=true\:0\:0\:false\:false\:true\:false\:false\:false
NVIC.NonMaskableInt_IRQn=true\:0\:0\:false\:false\:true\:false\:false\:false
NVIC.PendSV_IRQn=true\:0\:0\:false\:false\:true\:false\:false\:false
NVIC.PriorityGroup=NVIC_PRIORITYGROUP_4
NVIC.SVCall_IRQn=true\:0\:0\:false\:false\:true\:false\:false\:false
NVIC.SysTick_IRQn=true\:15\:0\:false\:false\:true\:false\:true\:false
NVIC.UsageFault_IRQn=true\:0\:0\:false\:false\:true\:false\:false\:false
PA0-WKUP.Signal=ADCx_IN0
PA1.Signal=ADCx_IN1
PA10.Mode=Asynchronous
PA10.Signal=USART1_RX
PA13.Mode=Serial_Wire
PA13.Signal=SYS_JTMS-SWDIO
PA14.Mode=Serial_Wire
PA14.Signal=SYS_JTCK-SWCLK
PA2.Signal=ADCx_IN2
PA3.Mode=OTG/Dual-Role-Device-HS
PA3.Signal=USB_OTG_HS_ULPI_D0
PA4.Mode=Half_Duplex_Master
PA4.Signal=I2S1_WS
PA5.Mode=OTG/Dual-Role-Device-HS
PA5.Signal=USB_OTG_HS_ULPI_CK
PA7.Mode=Half_Duplex_Master
PA7.Signal=I2S1_SD
PA9.Mode=Asynchronous
PA9.Signal=USART1_TX
PB0.Mode=OTG/Dual-Role-Device-HS
PB0.Signal=USB_OTG_HS_ULPI_D1
PB1.Mode=OTG/Dual-Role-Device-HS
PB1.Signal=USB_OTG_HS_ULPI_D2
PB10.Mode=OTG/Dual-Role-Device-HS
PB10.Signal=USB_OTG_HS_ULPI_D3
PB12.Mode=OTG/Dual-Role-Device-HS
PB12.Signal=USB_OTG_HS_ULPI_D5
PB13.Mode=OTG/Dual-Role-Device-HS
PB13.Signal=USB_OTG_HS_ULPI_D6
PB14.Mode=Full_Duplex_Master
PB14.Signal=SPI2_MISO
PB2.Mode=OTG/Dual-Role-Device-HS
PB2.Signal=USB_OTG_HS_ULPI_D4
PB3.Mode=Half_Duplex_Master
PB3.Signal=I2S1_CK
PB5.Mode=OTG/Dual-Role-Device-HS
PB5.Signal=USB_OTG_HS_ULPI_D7
PB6.Mode=I2C
PB6.Signal=I2C1_SCL
PB7.Mode=I2C
PB7.Signal=I2C1_SDA
PC0.Mode=OTG/Dual-Role-Device-HS
PC0.Signal=USB_OTG_HS_ULPI_STP
PC1.Mode=Full_Duplex_Master
PC1.Signal=SPI2_MOSI
PC10.Mode=SD_4_bits_Wide_bus
PC10.Signal=SDIO_D2
PC11.Mode=SD_4_bits_Wide_bus
PC11.Signal=SDIO_D3
PC12.Mode=SD_4_bits_Wide_bus
PC12.Signal=SDIO_CK
PC14-OSC32_IN.Mode=LSE-External-Oscillator
PC14-OSC32_IN.Signal=RCC_OSC32_IN
PC15-OSC32_OUT.Mode=LSE-External-Oscillator
PC15-OSC32_OUT.Signal=RCC_OSC32_OUT
PC2.Mode=OTG/Dual-Role-Device-HS
PC2.Signal=USB_OTG_HS_ULPI_DIR
PC3.Mode=OTG/Dual-Role-Device-HS
PC3.Signal=USB_OTG_HS_ULPI_NXT
PC4.Mode=Master_Clock_Activated
PC4.Signal=I2S1_MCK
PC7.Mode=Full_Duplex_Master
PC7.Signal=SPI2_SCK
PC8.Mode=SD_4_bits_Wide_bus
PC8.Signal=SDIO_D0
PC9.Mode=SD_4_bits_Wide_bus
PC9.Signal=SDIO_D1
PD11.Mode=SAI_A_MasterWithClock
PD11.Signal=SAI2_SD_A
PD12.Mode=SAI_A_MasterWithClock
PD12.Signal=SAI2_FS_A
PD13.Mode=SAI_A_MasterWithClock
PD13.Signal=SAI2_SCK_A
PD2.Mode=SD_4_bits_Wide_bus
PD2.Signal=SDIO_CMD
PD5.Mode=Asynchronous
PD5.Signal=USART2_TX
PD6.Mode=Asynchronous
PD6.Signal=USART2_RX
PE0.GPIOParameters=GPIO_Speed
PE0.GPIO_Speed=GPIO_SPEED_FREQ_VERY_HIGH
PE0.Mode=SAI_A_MasterWithClock
PE0.Signal=SAI2_MCLK_A
PE10.GPIOParameters=GPIO_PuPd,GPIO_Label,GPIO_ModeDefaultEXTI
PE10.GPIO_Label=VYBER_NAHORU
PE10.GPIO_ModeDefaultEXTI=GPIO_MODE_IT_FALLING
PE10.GPIO_PuPd=GPIO_PULLUP
PE10.Locked=true
PE10.Signal=GPXTI10
PE11.GPIOParameters=GPIO_PuPd,GPIO_Label,GPIO_ModeDefaultEXTI
PE11.GPIO_Label=VYBER_DOLU
PE11.GPIO_ModeDefaultEXTI=GPIO_MODE_IT_FALLING
PE11.GPIO_PuPd=GPIO_PULLUP
PE11.Locked=true
PE11.Signal=GPXTI11
PE12.GPIOParameters=GPIO_PuPd,GPIO_Label,GPIO_ModeDefaultEXTI
PE12.GPIO_Label=VRATIT_10S
PE12.GPIO_ModeDefaultEXTI=GPIO_MODE_IT_FALLING
PE12.GPIO_PuPd=GPIO_PULLUP
PE12.Locked=true
PE12.Signal=GPXTI12
PE13.GPIOParameters=GPIO_PuPd,GPIO_Label,GPIO_ModeDefaultEXTI
PE13.GPIO_Label=PRESKOCIT_10S
PE13.GPIO_ModeDefaultEXTI=GPIO_MODE_IT_FALLING
PE13.GPIO_PuPd=GPIO_PULLUP
PE13.Locked=true
PE13.Signal=GPXTI13
PE14.GPIOParameters=GPIO_PuPd,GPIO_Label,GPIO_ModeDefaultEXTI
PE14.GPIO_Label=POTVRDIT
PE14.GPIO_ModeDefaultEXTI=GPIO_MODE_IT_FALLING
PE14.GPIO_PuPd=GPIO_PULLUP
PE14.Locked=true
PE14.Signal=GPXTI14
PE2.GPIOParameters=GPIO_Speed
PE2.GPIO_Speed=GPIO_SPEED_FREQ_VERY_HIGH
PE2.Mode=SAI_A_MasterWithClock
PE2.Signal=SAI1_MCLK_A
PE4.Mode=SAI_A_MasterWithClock
PE4.Signal=SAI1_FS_A
PE5.Mode=SAI_A_MasterWithClock
PE5.Signal=SAI1_SCK_A
PE6.Mode=SAI_A_MasterWithClock
PE6.Signal=SAI1_SD_A
PH0-OSC_IN.Mode=HSE-External-Oscillator
PH0-OSC_IN.Signal=RCC_OSC_IN
PH1-OSC_OUT.Mode=HSE-External-Oscillator
PH1-OSC_OUT.Signal=RCC_OSC_OUT
PinOutPanel.RotationAngle=0
ProjectManager.AskForMigrate=true
ProjectManager.BackupPrevious=false
ProjectManager.CompilerLinker=GCC
ProjectManager.CompilerOptimize=6
ProjectManager.ComputerToolchain=false
ProjectManager.CoupleFile=false
ProjectManager.CustomerFirmwarePackage=
ProjectManager.DefaultFWLocation=true
ProjectManager.DeletePrevious=true
ProjectManager.DeviceId=STM32F446VETx
ProjectManager.FirmwarePackage=STM32Cube FW_F4 V1.28.3
ProjectManager.FreePins=false
ProjectManager.HalAssertFull=false
ProjectManager.HeapSize=0x200
ProjectManager.KeepUserCode=true
ProjectManager.LastFirmware=true
ProjectManager.LibraryCopy=0
ProjectManager.MainLocation=Core/Src
ProjectManager.NoMain=false
ProjectManager.PreviousToolchain=
ProjectManager.ProjectBuild=false
ProjectManager.ProjectFileName=DP.ioc
ProjectManager.ProjectName=DP
ProjectManager.ProjectStructure=
ProjectManager.RegisterCallBack=
ProjectManager.StackSize=0x400
ProjectManager.TargetToolchain=EWARM V8.50
ProjectManager.ToolChainLocation=
ProjectManager.UAScriptAfterPath=
ProjectManager.UAScriptBeforePath=
ProjectManager.UnderRoot=false
ProjectManager.functionlistsort=1-SystemClock_Config-RCC-false-HAL-false,2-MX_GPIO_Init-GPIO-false-HAL-true,3-MX_SAI1_Init-SAI1-false-HAL-true,4-MX_SAI2_Init-SAI2-false-HAL-true,5-MX_FATFS_Init-FATFS-false-HAL-false,6-MX_ADC1_Init-ADC1-false-HAL-true,7-MX_I2C1_Init-I2C1-false-HAL-true,8-MX_I2S1_Init-I2S1-false-HAL-true,9-MX_SDIO_SD_Init-SDIO-false-HAL-true,10-MX_SPI2_Init-SPI2-false-HAL-true,11-MX_USART1_UART_Init-USART1-false-HAL-true,12-MX_USART2_UART_Init-USART2-false-HAL-true,13-MX_USB_OTG_HS_USB_Init-USB_OTG_HS-false-HAL-true
RCC.AHBFreq_Value=50000000
RCC.APB1CLKDivider=RCC_HCLK_DIV2
RCC.APB1Freq_Value=25000000
RCC.APB1TimFreq_Value=50000000
RCC.APB2Freq_Value=50000000
RCC.APB2TimFreq_Value=50000000
RCC.CECFreq_Value=32786.88524590164
RCC.CortexFreq_Value=50000000
RCC.FCLKCortexFreq_Value=50000000
RCC.FMPI2C1Freq_Value=25000000
RCC.FamilyName=M
RCC.HCLKFreq_Value=50000000
RCC.HSE_VALUE=25000000
RCC.I2S1Freq_Value=50000000
RCC.I2S2Freq_Value=50000000
RCC.IPParameters=AHBFreq_Value,APB1CLKDivider,APB1Freq_Value,APB1TimFreq_Value,APB2Freq_Value,APB2TimFreq_Value,CECFreq_Value,CortexFreq_Value,FCLKCortexFreq_Value,FMPI2C1Freq_Value,FamilyName,HCLKFreq_Value,HSE_VALUE,I2S1Freq_Value,I2S2Freq_Value,MCO2PinFreq_Value,PLLCLKFreq_Value,PLLI2SM,PLLI2SN,PLLI2SPCLKFreq_Value,PLLI2SQCLKFreq_Value,PLLI2SQDiv,PLLI2SRCLKFreq_Value,PLLI2SoutputFreq_Value,PLLM,PLLN,PLLQ,PLLQCLKFreq_Value,PLLRCLKFreq_Value,PLLSAIM,PLLSAIN,PLLSAIPCLKFreq_Value,PLLSAIQCLKFreq_Value,PLLSAIQDiv,PLLSAIoutputFreq_Value,PWRFreq_Value,SAIAFreq_Value,SAIBFreq_Value,SDIOFreq_Value,SPDIFRXFreq_Value,SYSCLKFreq_VALUE,SYSCLKSource,USBFreq_Value,VCOI2SInputFreq_Value,VCOI2SOutputFreq_Value,VCOInputFreq_Value,VCOOutputFreq_Value,VCOSAIInputFreq_Value,VCOSAIOutputFreq_Value
RCC.MCO2PinFreq_Value=50000000
RCC.PLLCLKFreq_Value=50000000
RCC.PLLI2SM=8
RCC.PLLI2SN=50
RCC.PLLI2SPCLKFreq_Value=50000000
RCC.PLLI2SQCLKFreq_Value=50000000
RCC.PLLI2SQDiv=2
RCC.PLLI2SRCLKFreq_Value=50000000
RCC.PLLI2SoutputFreq_Value=50000000
RCC.PLLM=8
RCC.PLLN=50
RCC.PLLQ=3
RCC.PLLQCLKFreq_Value=33333333.333333332
RCC.PLLRCLKFreq_Value=50000000
RCC.PLLSAIM=8
RCC.PLLSAIN=50
RCC.PLLSAIPCLKFreq_Value=50000000
RCC.PLLSAIQCLKFreq_Value=50000000
RCC.PLLSAIQDiv=2
RCC.PLLSAIoutputFreq_Value=50000000
RCC.PWRFreq_Value=50000000
RCC.SAIAFreq_Value=25000000
RCC.SAIBFreq_Value=25000000
RCC.SDIOFreq_Value=33333333.333333332
RCC.SPDIFRXFreq_Value=50000000
RCC.SYSCLKFreq_VALUE=50000000
RCC.SYSCLKSource=RCC_SYSCLKSOURCE_PLLCLK
RCC.USBFreq_Value=33333333.333333332
RCC.VCOI2SInputFreq_Value=2000000
RCC.VCOI2SOutputFreq_Value=100000000
RCC.VCOInputFreq_Value=2000000
RCC.VCOOutputFreq_Value=100000000
RCC.VCOSAIInputFreq_Value=2000000
RCC.VCOSAIOutputFreq_Value=100000000
SAI1.AudioFrequency-SAI_A_MasterWithClock=SAI_AUDIO_FREQUENCY_96K
SAI1.DataSize-SAI_A_MasterWithClock=SAI_DATASIZE_24
SAI1.ErrorAudioFreq-SAI_A_MasterWithClock=1.72 %
SAI1.FrameLength-SAI_A_MasterWithClock=32
SAI1.IPParameters=Instance-SAI_A_MasterWithClock,VirtualMode-SAI_A_MasterWithClock,MClockEnable-SAI_A_MasterWithClock,RealAudioFreq-SAI_A_MasterWithClock,ErrorAudioFreq-SAI_A_MasterWithClock,AudioFrequency-SAI_A_MasterWithClock,DataSize-SAI_A_MasterWithClock,FrameLength-SAI_A_MasterWithClock
SAI1.Instance-SAI_A_MasterWithClock=SAI$Index_Block_A
SAI1.MClockEnable-SAI_A_MasterWithClock=SAI_MASTERCLOCK_ENABLE
SAI1.RealAudioFreq-SAI_A_MasterWithClock=97.656 KHz
SAI1.VirtualMode-SAI_A_MasterWithClock=VM_MASTER
SAI2.AudioFrequency-SAI_A_MasterWithClock=SAI_AUDIO_FREQUENCY_96K
SAI2.DataSize-SAI_A_MasterWithClock=SAI_DATASIZE_24
SAI2.ErrorAudioFreq-SAI_A_MasterWithClock=1.72 %
SAI2.FrameLength-SAI_A_MasterWithClock=32
SAI2.IPParameters=Instance-SAI_A_MasterWithClock,VirtualMode-SAI_A_MasterWithClock,MClockEnable-SAI_A_MasterWithClock,RealAudioFreq-SAI_A_MasterWithClock,ErrorAudioFreq-SAI_A_MasterWithClock,AudioFrequency-SAI_A_MasterWithClock,FrameLength-SAI_A_MasterWithClock,DataSize-SAI_A_MasterWithClock
SAI2.Instance-SAI_A_MasterWithClock=SAI$Index_Block_A
SAI2.MClockEnable-SAI_A_MasterWithClock=SAI_MASTERCLOCK_ENABLE
SAI2.RealAudioFreq-SAI_A_MasterWithClock=97.656 KHz
SAI2.VirtualMode-SAI_A_MasterWithClock=VM_MASTER
SH.ADCx_IN0.0=ADC1_IN0,IN0
SH.ADCx_IN0.ConfNb=1
SH.ADCx_IN1.0=ADC1_IN1,IN1
SH.ADCx_IN1.ConfNb=1
SH.ADCx_IN2.0=ADC1_IN2,IN2
SH.ADCx_IN2.ConfNb=1
SH.GPXTI10.0=GPIO_EXTI10
SH.GPXTI10.ConfNb=1
SH.GPXTI11.0=GPIO_EXTI11
SH.GPXTI11.ConfNb=1
SH.GPXTI12.0=GPIO_EXTI12
SH.GPXTI12.ConfNb=1
SH.GPXTI13.0=GPIO_EXTI13
SH.GPXTI13.ConfNb=1
SH.GPXTI14.0=GPIO_EXTI14
SH.GPXTI14.ConfNb=1
SPI2.CalculateBaudRate=12.5 MBits/s
SPI2.Direction=SPI_DIRECTION_2LINES
SPI2.IPParameters=VirtualType,Mode,Direction,CalculateBaudRate
SPI2.Mode=SPI_MODE_MASTER
SPI2.VirtualType=VM_MASTER
USART1.IPParameters=VirtualMode
USART1.VirtualMode=VM_ASYNC
USART2.IPParameters=VirtualMode
USART2.VirtualMode=VM_ASYNC
VP_FATFS_VS_Generic.Mode=User_defined
VP_FATFS_VS_Generic.Signal=FATFS_VS_Generic
VP_FATFS_VS_SDIO.Mode=SDIO
VP_FATFS_VS_SDIO.Signal=FATFS_VS_SDIO
VP_SYS_VS_Systick.Mode=SysTick
VP_SYS_VS_Systick.Signal=SYS_VS_Systick
board=custom
